
Microsoft Visual Studio Solution File, Format Version 12.00
# Visual Studio Version 16
VisualStudioVersion = 16.0.34114.132
MinimumVisualStudioVersion = 10.0.40219.1
Project("{FAE04EC0-301F-11D3-BF4B-00C04F79EFBC}") = "TravelTripProje", "TravelTripProje\TravelTripProje.csproj", "{C03BC0EF-24D4-49B0-AA55-52A066B9F0D1}"
EndProject
Global
	GlobalSection(SolutionConfigurationPlatforms) = preSolution
		Debug|Any CPU = Debug|Any CPU
		Release|Any CPU = Release|Any CPU
	EndGlobalSection
	GlobalSection(ProjectConfigurationPlatforms) = postSolution
		{C03BC0EF-24D4-49B0-AA55-52A066B9F0D1}.Debug|Any CPU.ActiveCfg = Debug|Any CPU
		{C03BC0EF-24D4-49B0-AA55-52A066B9F0D1}.Debug|Any CPU.Build.0 = Debug|Any CPU
		{C03BC0EF-24D4-49B0-AA55-52A066B9F0D1}.Release|Any CPU.ActiveCfg = Release|Any CPU
		{C03BC0EF-24D4-49B0-AA55-52A066B9F0D1}.Release|Any CPU.Build.0 = Release|Any CPU
	EndGlobalSection
	GlobalSection(SolutionProperties) = preSolution
		HideSolutionNode = FALSE
	EndGlobalSection
	GlobalSection(ExtensibilityGlobals) = postSolution
		SolutionGuid = {82500EC7-F801-4F1F-931C-65A3E9171753}
	EndGlobalSection
EndGlobal
